
Microsoft Visual Studio Solution File, Format Version 12.00
# Visual Studio Version 16
VisualStudioVersion = 16.0.31112.23
MinimumVisualStudioVersion = 10.0.40219.1
Project("{FAE04EC0-301F-11D3-BF4B-00C04F79EFBC}") = "CadastrosGerais", "CadastrosGerais.csproj", "{FC675BD1-1B19-404D-B8E1-E071B4A11CE1}"
EndProject
Global
	GlobalSection(SolutionConfigurationPlatforms) = preSolution
		Debug|Any CPU = Debug|Any CPU
		Release|Any CPU = Release|Any CPU
	EndGlobalSection
	GlobalSection(ProjectConfigurationPlatforms) = postSolution
		{FC675BD1-1B19-404D-B8E1-E071B4A11CE1}.Debug|Any CPU.ActiveCfg = Debug|Any CPU
		{FC675BD1-1B19-404D-B8E1-E071B4A11CE1}.Debug|Any CPU.Build.0 = Debug|Any CPU
		{FC675BD1-1B19-404D-B8E1-E071B4A11CE1}.Release|Any CPU.ActiveCfg = Release|Any CPU
		{FC675BD1-1B19-404D-B8E1-E071B4A11CE1}.Release|Any CPU.Build.0 = Release|Any CPU
	EndGlobalSection
	GlobalSection(SolutionProperties) = preSolution
		HideSolutionNode = FALSE
	EndGlobalSection
	GlobalSection(ExtensibilityGlobals) = postSolution
		SolutionGuid = {7E2B4916-BB6A-4655-BFCA-D42B755BE9B8}
	EndGlobalSection
EndGlobal
